// !$*UTF8*$!
{
	archiveVersion = 1;
	classes = {
	};
	objectVersion = 50;
	objects = {

/* Begin PBXBuildFile section */
		1B297B482568592800DE14EE /* Model.swift in Sources */ = {isa = PBXBuildFile; fileRef = 1B297B472568592800DE14EE /* Model.swift */; };
		1B8AD028256D036A00291471 /* myView.swift in Sources */ = {isa = PBXBuildFile; fileRef = 1B8AD027256D036A00291471 /* myView.swift */; };
		1BCAE16D2566BC9E0079C696 /* AppDelegate.swift in Sources */ = {isa = PBXBuildFile; fileRef = 1BCAE16C2566BC9E0079C696 /* AppDelegate.swift */; };
		1BCAE16F2566BC9E0079C696 /* ViewController.swift in Sources */ = {isa = PBXBuildFile; fileRef = 1BCAE16E2566BC9E0079C696 /* ViewController.swift */; };
		1BCAE1712566BC9E0079C696 /* Assets.xcassets in Resources */ = {isa = PBXBuildFile; fileRef = 1BCAE1702566BC9E0079C696 /* Assets.xcassets */; };
		1BCAE1742566BC9E0079C696 /* Main.storyboard in Resources */ = {isa = PBXBuildFile; fileRef = 1BCAE1722566BC9E0079C696 /* Main.storyboard */; };
		1BCAE1802566BC9E0079C696 /* Rush_HourTests.swift in Sources */ = {isa = PBXBuildFile; fileRef = 1BCAE17F2566BC9E0079C696 /* Rush_HourTests.swift */; };
		1BCAE18B2566BC9F0079C696 /* Rush_HourUITests.swift in Sources */ = {isa = PBXBuildFile; fileRef = 1BCAE18A2566BC9F0079C696 /* Rush_HourUITests.swift */; };
		1BD21BA2258520630051CA54 /* ViewController2.swift in Sources */ = {isa = PBXBuildFile; fileRef = 1BD21BA1258520630051CA54 /* ViewController2.swift */; };
/* End PBXBuildFile section */

/* Begin PBXContainerItemProxy section */
		1BCAE17C2566BC9E0079C696 /* PBXContainerItemProxy */ = {
			isa = PBXContainerItemProxy;
			containerPortal = 1BCAE1612566BC9E0079C696 /* Project object */;
			proxyType = 1;
			remoteGlobalIDString = 1BCAE1682566BC9E0079C696;
			remoteInfo = Rush_Hour;
		};
		1BCAE1872566BC9F0079C696 /* PBXContainerItemProxy */ = {
			isa = PBXContainerItemProxy;
			containerPortal = 1BCAE1612566BC9E0079C696 /* Project object */;
			proxyType = 1;
			remoteGlobalIDString = 1BCAE1682566BC9E0079C696;
			remoteInfo = Rush_Hour;
		};
/* End PBXContainerItemProxy section */

/* Begin PBXFileReference section */
		1B297B472568592800DE14EE /* Model.swift */ = {isa = PBXFileReference; lastKnownFileType = sourcecode.swift; path = Model.swift; sourceTree = "<group>"; };
		1B8AD027256D036A00291471 /* myView.swift */ = {isa = PBXFileReference; lastKnownFileType = sourcecode.swift; path = myView.swift; sourceTree = "<group>"; };
		1BCAE1692566BC9E0079C696 /* Rush_Hour.app */ = {isa = PBXFileReference; explicitFileType = wrapper.application; includeInIndex = 0; path = Rush_Hour.app; sourceTree = BUILT_PRODUCTS_DIR; };
		1BCAE16C2566BC9E0079C696 /* AppDelegate.swift */ = {isa = PBXFileReference; lastKnownFileType = sourcecode.swift; path = AppDelegate.swift; sourceTree = "<group>"; };
		1BCAE16E2566BC9E0079C696 /* ViewController.swift */ = {isa = PBXFileReference; lastKnownFileType = sourcecode.swift; path = ViewController.swift; sourceTree = "<group>"; };
		1BCAE1702566BC9E0079C696 /* Assets.xcassets */ = {isa = PBXFileReference; lastKnownFileType = folder.assetcatalog; path = Assets.xcassets; sourceTree = "<group>"; };
		1BCAE1732566BC9E0079C696 /* Base */ = {isa = PBXFileReference; lastKnownFileType = file.storyboard; name = Base; path = Base.lproj/Main.storyboard; sourceTree = "<group>"; };
		1BCAE1752566BC9E0079C696 /* Info.plist */ = {isa = PBXFileReference; lastKnownFileType = text.plist.xml; path = Info.plist; sourceTree = "<group>"; };
		1BCAE1762566BC9E0079C696 /* Rush_Hour.entitlements */ = {isa = PBXFileReference; lastKnownFileType = text.plist.entitlements; path = Rush_Hour.entitlements; sourceTree = "<group>"; };
		1BCAE17B2566BC9E0079C696 /* Rush_HourTests.xctest */ = {isa = PBXFileReference; explicitFileType = wrapper.cfbundle; includeInIndex = 0; path = Rush_HourTests.xctest; sourceTree = BUILT_PRODUCTS_DIR; };
		1BCAE17F2566BC9E0079C696 /* Rush_HourTests.swift */ = {isa = PBXFileReference; lastKnownFileType = sourcecode.swift; path = Rush_HourTests.swift; sourceTree = "<group>"; };
		1BCAE1812566BC9E0079C696 /* Info.plist */ = {isa = PBXFileReference; lastKnownFileType = text.plist.xml; path = Info.plist; sourceTree = "<group>"; };
		1BCAE1862566BC9F0079C696 /* Rush_HourUITests.xctest */ = {isa = PBXFileReference; explicitFileType = wrapper.cfbundle; includeInIndex = 0; path = Rush_HourUITests.xctest; sourceTree = BUILT_PRODUCTS_DIR; };
		1BCAE18A2566BC9F0079C696 /* Rush_HourUITests.swift */ = {isa = PBXFileReference; lastKnownFileType = sourcecode.swift; path = Rush_HourUITests.swift; sourceTree = "<group>"; };
		1BCAE18C2566BC9F0079C696 /* Info.plist */ = {isa = PBXFileReference; lastKnownFileType = text.plist.xml; path = Info.plist; sourceTree = "<group>"; };
		1BD21BA1258520630051CA54 /* ViewController2.swift */ = {isa = PBXFileReference; lastKnownFileType = sourcecode.swift; path = ViewController2.swift; sourceTree = "<group>"; };
/* End PBXFileReference section */

/* Begin PBXFrameworksBuildPhase section */
		1BCAE1662566BC9E0079C696 /* Frameworks */ = {
			isa = PBXFrameworksBuildPhase;
			buildActionMask = 2147483647;
			files = (
			);
			runOnlyForDeploymentPostprocessing = 0;
		};
		1BCAE1782566BC9E0079C696 /* Frameworks */ = {
			isa = PBXFrameworksBuildPhase;
			buildActionMask = 2147483647;
			files = (
			);
			runOnlyForDeploymentPostprocessing = 0;
		};
		1BCAE1832566BC9F0079C696 /* Frameworks */ = {
			isa = PBXFrameworksBuildPhase;
			buildActionMask = 2147483647;
			files = (
			);
			runOnlyForDeploymentPostprocessing = 0;
		};
/* End PBXFrameworksBuildPhase section */

/* Begin PBXGroup section */
		1BCAE1602566BC9E0079C696 = {
			isa = PBXGroup;
			children = (
				1BCAE16B2566BC9E0079C696 /* Rush_Hour */,
				1BCAE17E2566BC9E0079C696 /* Rush_HourTests */,
				1BCAE1892566BC9F0079C696 /* Rush_HourUITests */,
				1BCAE16A2566BC9E0079C696 /* Products */,
			);
			sourceTree = "<group>";
		};
		1BCAE16A2566BC9E0079C696 /* Products */ = {
			isa = PBXGroup;
			children = (
				1BCAE1692566BC9E0079C696 /* Rush_Hour.app */,
				1BCAE17B2566BC9E0079C696 /* Rush_HourTests.xctest */,
				1BCAE1862566BC9F0079C696 /* Rush_HourUITests.xctest */,
			);
			name = Products;
			sourceTree = "<group>";
		};
		1BCAE16B2566BC9E0079C696 /* Rush_Hour */ = {
			isa = PBXGroup;
			children = (
				1BCAE16C2566BC9E0079C696 /* AppDelegate.swift */,
				1BCAE16E2566BC9E0079C696 /* ViewController.swift */,
				1BD21BA1258520630051CA54 /* ViewController2.swift */,
				1B297B472568592800DE14EE /* Model.swift */,
				1B8AD027256D036A00291471 /* myView.swift */,
				1BCAE1702566BC9E0079C696 /* Assets.xcassets */,
				1BCAE1722566BC9E0079C696 /* Main.storyboard */,
				1BCAE1752566BC9E0079C696 /* Info.plist */,
				1BCAE1762566BC9E0079C696 /* Rush_Hour.entitlements */,
			);
			path = Rush_Hour;
			sourceTree = "<group>";
		};
		1BCAE17E2566BC9E0079C696 /* Rush_HourTests */ = {
			isa = PBXGroup;
			children = (
				1BCAE17F2566BC9E0079C696 /* Rush_HourTests.swift */,
				1BCAE1812566BC9E0079C696 /* Info.plist */,
			);
			path = Rush_HourTests;
			sourceTree = "<group>";
		};
		1BCAE1892566BC9F0079C696 /* Rush_HourUITests */ = {
			isa = PBXGroup;
			children = (
				1BCAE18A2566BC9F0079C696 /* Rush_HourUITests.swift */,
				1BCAE18C2566BC9F0079C696 /* Info.plist */,
			);
			path = Rush_HourUITests;
			sourceTree = "<group>";
		};
/* End PBXGroup section */

/* Begin PBXNativeTarget section */
		1BCAE1682566BC9E0079C696 /* Rush_Hour */ = {
			isa = PBXNativeTarget;
			buildConfigurationList = 1BCAE18F2566BC9F0079C696 /* Build configuration list for PBXNativeTarget "Rush_Hour" */;
			buildPhases = (
				1BCAE1652566BC9E0079C696 /* Sources */,
				1BCAE1662566BC9E0079C696 /* Frameworks */,
				1BCAE1672566BC9E0079C696 /* Resources */,
			);
			buildRules = (
			);
			dependencies = (
			);
			name = Rush_Hour;
			productName = Rush_Hour;
			productReference = 1BCAE1692566BC9E0079C696 /* Rush_Hour.app */;
			productType = "com.apple.product-type.application";
		};
		1BCAE17A2566BC9E0079C696 /* Rush_HourTests */ = {
			isa = PBXNativeTarget;
			buildConfigurationList = 1BCAE1922566BC9F0079C696 /* Build configuration list for PBXNativeTarget "Rush_HourTests" */;
			buildPhases = (
				1BCAE1772566BC9E0079C696 /* Sources */,
				1BCAE1782566BC9E0079C696 /* Frameworks */,
				1BCAE1792566BC9E0079C696 /* Resources */,
			);
			buildRules = (
			);
			dependencies = (
				1BCAE17D2566BC9E0079C696 /* PBXTargetDependency */,
			);
			name = Rush_HourTests;
			productName = Rush_HourTests;
			productReference = 1BCAE17B2566BC9E0079C696 /* Rush_HourTests.xctest */;
			productType = "com.apple.product-type.bundle.unit-test";
		};
		1BCAE1852566BC9F0079C696 /* Rush_HourUITests */ = {
			isa = PBXNativeTarget;
			buildConfigurationList = 1BCAE1952566BC9F0079C696 /* Build configuration list for PBXNativeTarget "Rush_HourUITests" */;
			buildPhases = (
				1BCAE1822566BC9F0079C696 /* Sources */,
				1BCAE1832566BC9F0079C696 /* Frameworks */,
				1BCAE1842566BC9F0079C696 /* Resources */,
			);
			buildRules = (
			);
			dependencies = (
				1BCAE1882566BC9F0079C696 /* PBXTargetDependency */,
			);
			name = Rush_HourUITests;
			productName = Rush_HourUITests;
			productReference = 1BCAE1862566BC9F0079C696 /* Rush_HourUITests.xctest */;
			productType = "com.apple.product-type.bundle.ui-testing";
		};
/* End PBXNativeTarget section */

/* Begin PBXProject section */
		1BCAE1612566BC9E0079C696 /* Project object */ = {
			isa = PBXProject;
			attributes = {
				LastSwiftUpdateCheck = 1220;
				LastUpgradeCheck = 1220;
				TargetAttributes = {
					1BCAE1682566BC9E0079C696 = {
						CreatedOnToolsVersion = 12.2;
					};
					1BCAE17A2566BC9E0079C696 = {
						CreatedOnToolsVersion = 12.2;
						TestTargetID = 1BCAE1682566BC9E0079C696;
					};
					1BCAE1852566BC9F0079C696 = {
						CreatedOnToolsVersion = 12.2;
						TestTargetID = 1BCAE1682566BC9E0079C696;
					};
				};
			};
			buildConfigurationList = 1BCAE1642566BC9E0079C696 /* Build configuration list for PBXProject "Rush_Hour" */;
			compatibilityVersion = "Xcode 9.3";
			developmentRegion = en;
			hasScannedForEncodings = 0;
			knownRegions = (
				en,
				Base,
			);
			mainGroup = 1BCAE1602566BC9E0079C696;
			productRefGroup = 1BCAE16A2566BC9E0079C696 /* Products */;
			projectDirPath = "";
			projectRoot = "";
			targets = (
				1BCAE1682566BC9E0079C696 /* Rush_Hour */,
				1BCAE17A2566BC9E0079C696 /* Rush_HourTests */,
				1BCAE1852566BC9F0079C696 /* Rush_HourUITests */,
			);
		};
/* End PBXProject section */

/* Begin PBXResourcesBuildPhase section */
		1BCAE1672566BC9E0079C696 /* Resources */ = {
			isa = PBXResourcesBuildPhase;
			buildActionMask = 2147483647;
			files = (
				1BCAE1712566BC9E0079C696 /* Assets.xcassets in Resources */,
				1BCAE1742566BC9E0079C696 /* Main.storyboard in Resources */,
			);
			runOnlyForDeploymentPostprocessing = 0;
		};
		1BCAE1792566BC9E0079C696 /* Resources */ = {
			isa = PBXResourcesBuildPhase;
			buildActionMask = 2147483647;
			files = (
			);
			runOnlyForDeploymentPostprocessing = 0;
		};
		1BCAE1842566BC9F0079C696 /* Resources */ = {
			isa = PBXResourcesBuildPhase;
			buildActionMask = 2147483647;
			files = (
			);
			runOnlyForDeploymentPostprocessing = 0;
		};
/* End PBXResourcesBuildPhase section */

/* Begin PBXSourcesBuildPhase section */
		1BCAE1652566BC9E0079C696 /* Sources */ = {
			isa = PBXSourcesBuildPhase;
			buildActionMask = 2147483647;
			files = (
				1BD21BA2258520630051CA54 /* ViewController2.swift in Sources */,
				1B8AD028256D036A00291471 /* myView.swift in Sources */,
				1B297B482568592800DE14EE /* Model.swift in Sources */,
				1BCAE16F2566BC9E0079C696 /* ViewController.swift in Sources */,
				1BCAE16D2566BC9E0079C696 /* AppDelegate.swift in Sources */,
			);
			runOnlyForDeploymentPostprocessing = 0;
		};
		1BCAE1772566BC9E0079C696 /* Sources */ = {
			isa = PBXSourcesBuildPhase;
			buildActionMask = 2147483647;
			files = (
				1BCAE1802566BC9E0079C696 /* Rush_HourTests.swift in Sources */,
			);
			runOnlyForDeploymentPostprocessing = 0;
		};
		1BCAE1822566BC9F0079C696 /* Sources */ = {
			isa = PBXSourcesBuildPhase;
			buildActionMask = 2147483647;
			files = (
				1BCAE18B2566BC9F0079C696 /* Rush_HourUITests.swift in Sources */,
			);
			runOnlyForDeploymentPostprocessing = 0;
		};
/* End PBXSourcesBuildPhase section */

/* Begin PBXTargetDependency section */
		1BCAE17D2566BC9E0079C696 /* PBXTargetDependency */ = {
			isa = PBXTargetDependency;
			target = 1BCAE1682566BC9E0079C696 /* Rush_Hour */;
			targetProxy = 1BCAE17C2566BC9E0079C696 /* PBXContainerItemProxy */;
		};
		1BCAE1882566BC9F0079C696 /* PBXTargetDependency */ = {
			isa = PBXTargetDependency;
			target = 1BCAE1682566BC9E0079C696 /* Rush_Hour */;
			targetProxy = 1BCAE1872566BC9F0079C696 /* PBXContainerItemProxy */;
		};
/* End PBXTargetDependency section */

/* Begin PBXVariantGroup section */
		1BCAE1722566BC9E0079C696 /* Main.storyboard */ = {
			isa = PBXVariantGroup;
			children = (
				1BCAE1732566BC9E0079C696 /* Base */,
			);
			name = Main.storyboard;
			sourceTree = "<group>";
		};
/* End PBXVariantGroup section */

/* Begin XCBuildConfiguration section */
		1BCAE18D2566BC9F0079C696 /* Debug */ = {
			isa = XCBuildConfiguration;
			buildSettings = {
				ALWAYS_SEARCH_USER_PATHS = NO;
				CLANG_ANALYZER_NONNULL = YES;
				CLANG_ANALYZER_NUMBER_OBJECT_CONVERSION = YES_AGGRESSIVE;
				CLANG_CXX_LANGUAGE_STANDARD = "gnu++14";
				CLANG_CXX_LIBRARY = "libc++";
				CLANG_ENABLE_MODULES = YES;
				CLANG_ENABLE_OBJC_ARC = YES;
				CLANG_ENABLE_OBJC_WEAK = YES;
				CLANG_WARN_BLOCK_CAPTURE_AUTORELEASING = YES;
				CLANG_WARN_BOOL_CONVERSION = YES;
				CLANG_WARN_COMMA = YES;
				CLANG_WARN_CONSTANT_CONVERSION = YES;
				CLANG_WARN_DEPRECATED_OBJC_IMPLEMENTATIONS = YES;
				CLANG_WARN_DIRECT_OBJC_ISA_USAGE = YES_ERROR;
				CLANG_WARN_DOCUMENTATION_COMMENTS = YES;
				CLANG_WARN_EMPTY_BODY = YES;
				CLANG_WARN_ENUM_CONVERSION = YES;
				CLANG_WARN_INFINITE_RECURSION = YES;
				CLANG_WARN_INT_CONVERSION = YES;
				CLANG_WARN_NON_LITERAL_NULL_CONVERSION = YES;
				CLANG_WARN_OBJC_IMPLICIT_RETAIN_SELF = YES;
				CLANG_WARN_OBJC_LITERAL_CONVERSION = YES;
				CLANG_WARN_OBJC_ROOT_CLASS = YES_ERROR;
				CLANG_WARN_QUOTED_INCLUDE_IN_FRAMEWORK_HEADER = YES;
				CLANG_WARN_RANGE_LOOP_ANALYSIS = YES;
				CLANG_WARN_STRICT_PROTOTYPES = YES;
				CLANG_WARN_SUSPICIOUS_MOVE = YES;
				CLANG_WARN_UNGUARDED_AVAILABILITY = YES_AGGRESSIVE;
				CLANG_WARN_UNREACHABLE_CODE = YES;
				CLANG_WARN__DUPLICATE_METHOD_MATCH = YES;
				COPY_PHASE_STRIP = NO;
				DEBUG_INFORMATION_FORMAT = dwarf;
				ENABLE_STRICT_OBJC_MSGSEND = YES;
				ENABLE_TESTABILITY = YES;
				GCC_C_LANGUAGE_STANDARD = gnu11;
				GCC_DYNAMIC_NO_PIC = NO;
				GCC_NO_COMMON_BLOCKS = YES;
				GCC_OPTIMIZATION_LEVEL = 0;
				GCC_PREPROCESSOR_DEFINITIONS = (
					"DEBUG=1",
					"$(inherited)",
				);
				GCC_WARN_64_TO_32_BIT_CONVERSION = YES;
				GCC_WARN_ABOUT_RETURN_TYPE = YES_ERROR;
				GCC_WARN_UNDECLARED_SELECTOR = YES;
				GCC_WARN_UNINITIALIZED_AUTOS = YES_AGGRESSIVE;
				GCC_WARN_UNUSED_FUNCTION = YES;
				GCC_WARN_UNUSED_VARIABLE = YES;
				MACOSX_DEPLOYMENT_TARGET = 11.0;
				MTL_ENABLE_DEBUG_INFO = INCLUDE_SOURCE;
				MTL_FAST_MATH = YES;
				ONLY_ACTIVE_ARCH = YES;
				SDKROOT = macosx;
				SWIFT_ACTIVE_COMPILATION_CONDITIONS = DEBUG;
				SWIFT_OPTIMIZATION_LEVEL = "-Onone";
			};
			name = Debug;
		};
		1BCAE18E2566BC9F0079C696 /* Release */ = {
			isa = XCBuildConfiguration;
			buildSettings = {
				ALWAYS_SEARCH_USER_PATHS = NO;
				CLANG_ANALYZER_NONNULL = YES;
				CLANG_ANALYZER_NUMBER_OBJECT_CONVERSION = YES_AGGRESSIVE;
				CLANG_CXX_LANGUAGE_STANDARD = "gnu++14";
				CLANG_CXX_LIBRARY = "libc++";
				CLANG_ENABLE_MODULES = YES;
				CLANG_ENABLE_OBJC_ARC = YES;
				CLANG_ENABLE_OBJC_WEAK = YES;
				CLANG_WARN_BLOCK_CAPTURE_AUTORELEASING = YES;
				CLANG_WARN_BOOL_CONVERSION = YES;
				CLANG_WARN_COMMA = YES;
				CLANG_WARN_CONSTANT_CONVERSION = YES;
				CLANG_WARN_DEPRECATED_OBJC_IMPLEMENTATIONS = YES;
				CLANG_WARN_DIRECT_OBJC_ISA_USAGE = YES_ERROR;
				CLANG_WARN_DOCUMENTATION_COMMENTS = YES;
				CLANG_WARN_EMPTY_BODY = YES;
				CLANG_WARN_ENUM_CONVERSION = YES;
				CLANG_WARN_INFINITE_RECURSION = YES;
				CLANG_WARN_INT_CONVERSION = YES;
				CLANG_WARN_NON_LITERAL_NULL_CONVERSION = YES;
				CLANG_WARN_OBJC_IMPLICIT_RETAIN_SELF = YES;
				CLANG_WARN_OBJC_LITERAL_CONVERSION = YES;
				CLANG_WARN_OBJC_ROOT_CLASS = YES_ERROR;
				CLANG_WARN_QUOTED_INCLUDE_IN_FRAMEWORK_HEADER = YES;
				CLANG_WARN_RANGE_LOOP_ANALYSIS = YES;
				CLANG_WARN_STRICT_PROTOTYPES = YES;
				CLANG_WARN_SUSPICIOUS_MOVE = YES;
				CLANG_WARN_UNGUARDED_AVAILABILITY = YES_AGGRESSIVE;
				CLANG_WARN_UNREACHABLE_CODE = YES;
				CLANG_WARN__DUPLICATE_METHOD_MATCH = YES;
				COPY_PHASE_STRIP = NO;
				DEBUG_INFORMATION_FORMAT = "dwarf-with-dsym";
				ENABLE_NS_ASSERTIONS = NO;
				ENABLE_STRICT_OBJC_MSGSEND = YES;
				GCC_C_LANGUAGE_STANDARD = gnu11;
				GCC_NO_COMMON_BLOCKS = YES;
				GCC_WARN_64_TO_32_BIT_CONVERSION = YES;
				GCC_WARN_ABOUT_RETURN_TYPE = YES_ERROR;
				GCC_WARN_UNDECLARED_SELECTOR = YES;
				GCC_WARN_UNINITIALIZED_AUTOS = YES_AGGRESSIVE;
				GCC_WARN_UNUSED_FUNCTION = YES;
				GCC_WARN_UNUSED_VARIABLE = YES;
				MACOSX_DEPLOYMENT_TARGET = 11.0;
				MTL_ENABLE_DEBUG_INFO = NO;
				MTL_FAST_MATH = YES;
				SDKROOT = macosx;
				SWIFT_COMPILATION_MODE = wholemodule;
				SWIFT_OPTIMIZATION_LEVEL = "-O";
			};
			name = Release;
		};
		1BCAE1902566BC9F0079C696 /* Debug */ = {
			isa = XCBuildConfiguration;
			buildSettings = {
				ASSETCATALOG_COMPILER_APPICON_NAME = AppIcon;
				ASSETCATALOG_COMPILER_GLOBAL_ACCENT_COLOR_NAME = AccentColor;
				CODE_SIGN_ENTITLEMENTS = Rush_Hour/Rush_Hour.entitlements;
				CODE_SIGN_STYLE = Automatic;
				COMBINE_HIDPI_IMAGES = YES;
				DEVELOPMENT_TEAM = 4WU7YQ62LY;
				ENABLE_HARDENED_RUNTIME = YES;
				INFOPLIST_FILE = Rush_Hour/Info.plist;
				LD_RUNPATH_SEARCH_PATHS = (
					"$(inherited)",
					"@executable_path/../Frameworks",
				);
				PRODUCT_BUNDLE_IDENTIFIER = "UT.Rush-Hour";
				PRODUCT_NAME = "$(TARGET_NAME)";
				SWIFT_VERSION = 5.0;
			};
			name = Debug;
		};
		1BCAE1912566BC9F0079C696 /* Release */ = {
			isa = XCBuildConfiguration;
			buildSettings = {
				ASSETCATALOG_COMPILER_APPICON_NAME = AppIcon;
				ASSETCATALOG_COMPILER_GLOBAL_ACCENT_COLOR_NAME = AccentColor;
				CODE_SIGN_ENTITLEMENTS = Rush_Hour/Rush_Hour.entitlements;
				CODE_SIGN_STYLE = Automatic;
				COMBINE_HIDPI_IMAGES = YES;
				DEVELOPMENT_TEAM = 4WU7YQ62LY;
				ENABLE_HARDENED_RUNTIME = YES;
				INFOPLIST_FILE = Rush_Hour/Info.plist;
				LD_RUNPATH_SEARCH_PATHS = (
					"$(inherited)",
					"@executable_path/../Frameworks",
				);
				PRODUCT_BUNDLE_IDENTIFIER = "UT.Rush-Hour";
				PRODUCT_NAME = "$(TARGET_NAME)";
				SWIFT_VERSION = 5.0;
			};
			name = Release;
		};
		1BCAE1932566BC9F0079C696 /* Debug */ = {
			isa = XCBuildConfiguration;
			buildSettings = {
				ALWAYS_EMBED_SWIFT_STANDARD_LIBRARIES = YES;
				BUNDLE_LOADER = "$(TEST_HOST)";
				CODE_SIGN_STYLE = Automatic;
				COMBINE_HIDPI_IMAGES = YES;
				DEVELOPMENT_TEAM = 4WU7YQ62LY;
				INFOPLIST_FILE = Rush_HourTests/Info.plist;
				LD_RUNPATH_SEARCH_PATHS = (
					"$(inherited)",
					"@executable_path/../Frameworks",
					"@loader_path/../Frameworks",
				);
				MACOSX_DEPLOYMENT_TARGET = 11.0;
				PRODUCT_BUNDLE_IDENTIFIER = "UT.Rush-HourTests";
				PRODUCT_NAME = "$(TARGET_NAME)";
				SWIFT_VERSION = 5.0;
				TEST_HOST = "$(BUILT_PRODUCTS_DIR)/Rush_Hour.app/Contents/MacOS/Rush_Hour";
			};
			name = Debug;
		};
		1BCAE1942566BC9F0079C696 /* Release */ = {
			isa = XCBuildConfiguration;
			buildSettings = {
				ALWAYS_EMBED_SWIFT_STANDARD_LIBRARIES = YES;
				BUNDLE_LOADER = "$(TEST_HOST)";
				CODE_SIGN_STYLE = Automatic;
				COMBINE_HIDPI_IMAGES = YES;
				DEVELOPMENT_TEAM = 4WU7YQ62LY;
				INFOPLIST_FILE = Rush_HourTests/Info.plist;
				LD_RUNPATH_SEARCH_PATHS = (
					"$(inherited)",
					"@executable_path/../Frameworks",
					"@loader_path/../Frameworks",
				);
				MACOSX_DEPLOYMENT_TARGET = 11.0;
				PRODUCT_BUNDLE_IDENTIFIER = "UT.Rush-HourTests";
				PRODUCT_NAME = "$(TARGET_NAME)";
				SWIFT_VERSION = 5.0;
				TEST_HOST = "$(BUILT_PRODUCTS_DIR)/Rush_Hour.app/Contents/MacOS/Rush_Hour";
			};
			name = Release;
		};
		1BCAE1962566BC9F0079C696 /* Debug */ = {
			isa = XCBuildConfiguration;
			buildSettings = {
				ALWAYS_EMBED_SWIFT_STANDARD_LIBRARIES = YES;
				CODE_SIGN_STYLE = Automatic;
				COMBINE_HIDPI_IMAGES = YES;
				DEVELOPMENT_TEAM = 4WU7YQ62LY;
				INFOPLIST_FILE = Rush_HourUITests/Info.plist;
				LD_RUNPATH_SEARCH_PATHS = (
					"$(inherited)",
					"@executable_path/../Frameworks",
					"@loader_path/../Frameworks",
				);
				PRODUCT_BUNDLE_IDENTIFIER = "UT.Rush-HourUITests";
				PRODUCT_NAME = "$(TARGET_NAME)";
				SWIFT_VERSION = 5.0;
				TEST_TARGET_NAME = Rush_Hour;
			};
			name = Debug;
		};
		1BCAE1972566BC9F0079C696 /* Release */ = {
			isa = XCBuildConfiguration;
			buildSettings = {
				ALWAYS_EMBED_SWIFT_STANDARD_LIBRARIES = YES;
				CODE_SIGN_STYLE = Automatic;
				COMBINE_HIDPI_IMAGES = YES;
				DEVELOPMENT_TEAM = 4WU7YQ62LY;
				INFOPLIST_FILE = Rush_HourUITests/Info.plist;
				LD_RUNPATH_SEARCH_PATHS = (
					"$(inherited)",
					"@executable_path/../Frameworks",
					"@loader_path/../Frameworks",
				);
				PRODUCT_BUNDLE_IDENTIFIER = "UT.Rush-HourUITests";
				PRODUCT_NAME = "$(TARGET_NAME)";
				SWIFT_VERSION = 5.0;
				TEST_TARGET_NAME = Rush_Hour;
			};
			name = Release;
		};
/* End XCBuildConfiguration section */

/* Begin XCConfigurationList section */
		1BCAE1642566BC9E0079C696 /* Build configuration list for PBXProject "Rush_Hour" */ = {
			isa = XCConfigurationList;
			buildConfigurations = (
				1BCAE18D2566BC9F0079C696 /* Debug */,
				1BCAE18E2566BC9F0079C696 /* Release */,
			);
			defaultConfigurationIsVisible = 0;
			defaultConfigurationName = Release;
		};
		1BCAE18F2566BC9F0079C696 /* Build configuration list for PBXNativeTarget "Rush_Hour" */ = {
			isa = XCConfigurationList;
			buildConfigurations = (
				1BCAE1902566BC9F0079C696 /* Debug */,
				1BCAE1912566BC9F0079C696 /* Release */,
			);
			defaultConfigurationIsVisible = 0;
			defaultConfigurationName = Release;
		};
		1BCAE1922566BC9F0079C696 /* Build configuration list for PBXNativeTarget "Rush_HourTests" */ = {
			isa = XCConfigurationList;
			buildConfigurations = (
				1BCAE1932566BC9F0079C696 /* Debug */,
				1BCAE1942566BC9F0079C696 /* Release */,
			);
			defaultConfigurationIsVisible = 0;
			defaultConfigurationName = Release;
		};
		1BCAE1952566BC9F0079C696 /* Build configuration list for PBXNativeTarget "Rush_HourUITests" */ = {
			isa = XCConfigurationList;
			buildConfigurations = (
				1BCAE1962566BC9F0079C696 /* Debug */,
				1BCAE1972566BC9F0079C696 /* Release */,
			);
			defaultConfigurationIsVisible = 0;
			defaultConfigurationName = Release;
		};
/* End XCConfigurationList section */
	};
	rootObject = 1BCAE1612566BC9E0079C696 /* Project object */;
}
